// !$*UTF8*$!
{
	archiveVersion = 1;
	classes = {
	};
	objectVersion = 50;
	objects = {

/* Begin PBXBuildFile section */
		C148FB78246943C100BCE527 /* EndMapViewController.swift in Sources */ = {isa = PBXBuildFile; fileRef = C148FB77246943C100BCE527 /* EndMapViewController.swift */; };
		C1A04A5B24687C5200B28D9C /* StudentLocationModel.swift in Sources */ = {isa = PBXBuildFile; fileRef = C1A04A5A24687C5200B28D9C /* StudentLocationModel.swift */; };
		C1A04A5D246886DA00B28D9C /* ListTableViewController.swift in Sources */ = {isa = PBXBuildFile; fileRef = C1A04A5C246886DA00B28D9C /* ListTableViewController.swift */; };
		C1CBA28224571466005A0EBE /* Main.storyboard in Resources */ = {isa = PBXBuildFile; fileRef = C1CBA28024571466005A0EBE /* Main.storyboard */; };
		C1CBA28424571469005A0EBE /* Assets.xcassets in Resources */ = {isa = PBXBuildFile; fileRef = C1CBA28324571469005A0EBE /* Assets.xcassets */; };
		C1CBA28724571469005A0EBE /* LaunchScreen.storyboard in Resources */ = {isa = PBXBuildFile; fileRef = C1CBA28524571469005A0EBE /* LaunchScreen.storyboard */; };
		C1D15ED9245F6DA20025AED5 /* LoginRequest.swift in Sources */ = {isa = PBXBuildFile; fileRef = C17FEF2E24573E6000449BE5 /* LoginRequest.swift */; };
		C1D15EDA245F6DA20025AED5 /* LoginResponse.swift in Sources */ = {isa = PBXBuildFile; fileRef = C1494BD0245B679300FF288F /* LoginResponse.swift */; };
		C1D15EDB245F6DA20025AED5 /* Logout.swift in Sources */ = {isa = PBXBuildFile; fileRef = C1A07ED2245F1B14003C988F /* Logout.swift */; };
		C1D15EDD245F6DA20025AED5 /* StudentLocation.swift in Sources */ = {isa = PBXBuildFile; fileRef = C17FEF3324580F1C00449BE5 /* StudentLocation.swift */; };
		C1D15EDE245F6DA20025AED5 /* UdacityAPI.swift in Sources */ = {isa = PBXBuildFile; fileRef = C17FEF3024573FC200449BE5 /* UdacityAPI.swift */; };
		C1D15EDF245F6DA20025AED5 /* LoginViewController.swift in Sources */ = {isa = PBXBuildFile; fileRef = C17FEF1424571E5800449BE5 /* LoginViewController.swift */; };
		C1D15EE1245F6DA20025AED5 /* MapViewController.swift in Sources */ = {isa = PBXBuildFile; fileRef = C17FEF0E24571CCC00449BE5 /* MapViewController.swift */; };
		C1D15EE2245F6DA20025AED5 /* AddLocationViewController.swift in Sources */ = {isa = PBXBuildFile; fileRef = C17FEF202457261900449BE5 /* AddLocationViewController.swift */; };
		C1D15EE3245F6DA20025AED5 /* SceneDelegate.swift in Sources */ = {isa = PBXBuildFile; fileRef = C1CBA27C24571466005A0EBE /* SceneDelegate.swift */; };
		C1D15EE4245F6DA20025AED5 /* AppDelegate.swift in Sources */ = {isa = PBXBuildFile; fileRef = C1CBA27A24571466005A0EBE /* AppDelegate.swift */; };
		C1D15EE5245F6DA20025AED5 /* Utilities.swift in Sources */ = {isa = PBXBuildFile; fileRef = C17FEF1A2457222800449BE5 /* Utilities.swift */; };
/* End PBXBuildFile section */

/* Begin PBXFileReference section */
		C148FB77246943C100BCE527 /* EndMapViewController.swift */ = {isa = PBXFileReference; lastKnownFileType = sourcecode.swift; path = EndMapViewController.swift; sourceTree = "<group>"; };
		C1494BD0245B679300FF288F /* LoginResponse.swift */ = {isa = PBXFileReference; lastKnownFileType = sourcecode.swift; path = LoginResponse.swift; sourceTree = "<group>"; };
		C17FEF0E24571CCC00449BE5 /* MapViewController.swift */ = {isa = PBXFileReference; fileEncoding = 4; lastKnownFileType = sourcecode.swift; path = MapViewController.swift; sourceTree = "<group>"; };
		C17FEF1424571E5800449BE5 /* LoginViewController.swift */ = {isa = PBXFileReference; lastKnownFileType = sourcecode.swift; path = LoginViewController.swift; sourceTree = "<group>"; xcLanguageSpecificationIdentifier = xcode.lang.swift; };
		C17FEF1A2457222800449BE5 /* Utilities.swift */ = {isa = PBXFileReference; lastKnownFileType = sourcecode.swift; path = Utilities.swift; sourceTree = "<group>"; };
		C17FEF202457261900449BE5 /* AddLocationViewController.swift */ = {isa = PBXFileReference; lastKnownFileType = sourcecode.swift; path = AddLocationViewController.swift; sourceTree = "<group>"; };
		C17FEF2E24573E6000449BE5 /* LoginRequest.swift */ = {isa = PBXFileReference; lastKnownFileType = sourcecode.swift; path = LoginRequest.swift; sourceTree = "<group>"; };
		C17FEF3024573FC200449BE5 /* UdacityAPI.swift */ = {isa = PBXFileReference; lastKnownFileType = sourcecode.swift; path = UdacityAPI.swift; sourceTree = "<group>"; };
		C17FEF3324580F1C00449BE5 /* StudentLocation.swift */ = {isa = PBXFileReference; lastKnownFileType = sourcecode.swift; path = StudentLocation.swift; sourceTree = "<group>"; };
		C1A04A5A24687C5200B28D9C /* StudentLocationModel.swift */ = {isa = PBXFileReference; lastKnownFileType = sourcecode.swift; path = StudentLocationModel.swift; sourceTree = "<group>"; };
		C1A04A5C246886DA00B28D9C /* ListTableViewController.swift */ = {isa = PBXFileReference; lastKnownFileType = sourcecode.swift; path = ListTableViewController.swift; sourceTree = "<group>"; };
		C1A07ED2245F1B14003C988F /* Logout.swift */ = {isa = PBXFileReference; lastKnownFileType = sourcecode.swift; path = Logout.swift; sourceTree = "<group>"; };
		C1CBA27724571466005A0EBE /* On_The_Map.app */ = {isa = PBXFileReference; explicitFileType = wrapper.application; includeInIndex = 0; path = On_The_Map.app; sourceTree = BUILT_PRODUCTS_DIR; };
		C1CBA27A24571466005A0EBE /* AppDelegate.swift */ = {isa = PBXFileReference; lastKnownFileType = sourcecode.swift; path = AppDelegate.swift; sourceTree = "<group>"; };
		C1CBA27C24571466005A0EBE /* SceneDelegate.swift */ = {isa = PBXFileReference; lastKnownFileType = sourcecode.swift; path = SceneDelegate.swift; sourceTree = "<group>"; };
		C1CBA28124571466005A0EBE /* Base */ = {isa = PBXFileReference; lastKnownFileType = file.storyboard; name = Base; path = Base.lproj/Main.storyboard; sourceTree = "<group>"; };
		C1CBA28324571469005A0EBE /* Assets.xcassets */ = {isa = PBXFileReference; lastKnownFileType = folder.assetcatalog; path = Assets.xcassets; sourceTree = "<group>"; };
		C1CBA28624571469005A0EBE /* Base */ = {isa = PBXFileReference; lastKnownFileType = file.storyboard; name = Base; path = Base.lproj/LaunchScreen.storyboard; sourceTree = "<group>"; };
		C1CBA28824571469005A0EBE /* Info.plist */ = {isa = PBXFileReference; lastKnownFileType = text.plist.xml; path = Info.plist; sourceTree = "<group>"; };
/* End PBXFileReference section */

/* Begin PBXFrameworksBuildPhase section */
		C1CBA27424571466005A0EBE /* Frameworks */ = {
			isa = PBXFrameworksBuildPhase;
			buildActionMask = 2147483647;
			files = (
			);
			runOnlyForDeploymentPostprocessing = 0;
		};
/* End PBXFrameworksBuildPhase section */

/* Begin PBXGroup section */
		C17FEF1E2457248B00449BE5 /* Controllers */ = {
			isa = PBXGroup;
			children = (
				C17FEF1424571E5800449BE5 /* LoginViewController.swift */,
				C1A04A5C246886DA00B28D9C /* ListTableViewController.swift */,
				C17FEF0E24571CCC00449BE5 /* MapViewController.swift */,
				C17FEF202457261900449BE5 /* AddLocationViewController.swift */,
				C148FB77246943C100BCE527 /* EndMapViewController.swift */,
				C1CBA27C24571466005A0EBE /* SceneDelegate.swift */,
				C1CBA27A24571466005A0EBE /* AppDelegate.swift */,
			);
			path = Controllers;
			sourceTree = "<group>";
		};
		C17FEF1F245724C300449BE5 /* View */ = {
			isa = PBXGroup;
			children = (
				C17FEF1A2457222800449BE5 /* Utilities.swift */,
				C1CBA28324571469005A0EBE /* Assets.xcassets */,
				C1CBA28524571469005A0EBE /* LaunchScreen.storyboard */,
				C1CBA28024571466005A0EBE /* Main.storyboard */,
			);
			path = View;
			sourceTree = "<group>";
		};
		C17FEF3224580EF600449BE5 /* Udacity API */ = {
			isa = PBXGroup;
			children = (
				C17FEF2E24573E6000449BE5 /* LoginRequest.swift */,
				C1494BD0245B679300FF288F /* LoginResponse.swift */,
				C1A07ED2245F1B14003C988F /* Logout.swift */,
				C17FEF3324580F1C00449BE5 /* StudentLocation.swift */,
				C1A04A5A24687C5200B28D9C /* StudentLocationModel.swift */,
				C17FEF3024573FC200449BE5 /* UdacityAPI.swift */,
			);
			path = "Udacity API";
			sourceTree = "<group>";
		};
		C1CBA26E24571466005A0EBE = {
			isa = PBXGroup;
			children = (
				C1CBA27924571466005A0EBE /* On_The_Map */,
				C1CBA27824571466005A0EBE /* Products */,
			);
			sourceTree = "<group>";
		};
		C1CBA27824571466005A0EBE /* Products */ = {
			isa = PBXGroup;
			children = (
				C1CBA27724571466005A0EBE /* On_The_Map.app */,
			);
			name = Products;
			sourceTree = "<group>";
		};
		C1CBA27924571466005A0EBE /* On_The_Map */ = {
			isa = PBXGroup;
			children = (
				C17FEF3224580EF600449BE5 /* Udacity API */,
				C17FEF1E2457248B00449BE5 /* Controllers */,
				C17FEF1F245724C300449BE5 /* View */,
				C1CBA28824571469005A0EBE /* Info.plist */,
			);
			path = On_The_Map;
			sourceTree = "<group>";
		};
/* End PBXGroup section */

/* Begin PBXNativeTarget section */
		C1CBA27624571466005A0EBE /* On_The_Map */ = {
			isa = PBXNativeTarget;
			buildConfigurationList = C1CBA28B24571469005A0EBE /* Build configuration list for PBXNativeTarget "On_The_Map" */;
			buildPhases = (
				C1CBA27324571466005A0EBE /* Sources */,
				C1CBA27424571466005A0EBE /* Frameworks */,
				C1CBA27524571466005A0EBE /* Resources */,
			);
			buildRules = (
			);
			dependencies = (
			);
			name = On_The_Map;
			productName = On_The_Map;
			productReference = C1CBA27724571466005A0EBE /* On_The_Map.app */;
			productType = "com.apple.product-type.application";
		};
/* End PBXNativeTarget section */

/* Begin PBXProject section */
		C1CBA26F24571466005A0EBE /* Project object */ = {
			isa = PBXProject;
			attributes = {
				LastSwiftUpdateCheck = 1140;
				LastUpgradeCheck = 1140;
				ORGANIZATIONNAME = Marta;
				TargetAttributes = {
					C1CBA27624571466005A0EBE = {
						CreatedOnToolsVersion = 11.4.1;
					};
				};
			};
			buildConfigurationList = C1CBA27224571466005A0EBE /* Build configuration list for PBXProject "On_The_Map" */;
			compatibilityVersion = "Xcode 9.3";
			developmentRegion = en;
			hasScannedForEncodings = 0;
			knownRegions = (
				en,
				Base,
			);
			mainGroup = C1CBA26E24571466005A0EBE;
			productRefGroup = C1CBA27824571466005A0EBE /* Products */;
			projectDirPath = "";
			projectRoot = "";
			targets = (
				C1CBA27624571466005A0EBE /* On_The_Map */,
			);
		};
/* End PBXProject section */

/* Begin PBXResourcesBuildPhase section */
		C1CBA27524571466005A0EBE /* Resources */ = {
			isa = PBXResourcesBuildPhase;
			buildActionMask = 2147483647;
			files = (
				C1CBA28724571469005A0EBE /* LaunchScreen.storyboard in Resources */,
				C1CBA28424571469005A0EBE /* Assets.xcassets in Resources */,
				C1CBA28224571466005A0EBE /* Main.storyboard in Resources */,
			);
			runOnlyForDeploymentPostprocessing = 0;
		};
/* End PBXResourcesBuildPhase section */

/* Begin PBXSourcesBuildPhase section */
		C1CBA27324571466005A0EBE /* Sources */ = {
			isa = PBXSourcesBuildPhase;
			buildActionMask = 2147483647;
			files = (
				C1D15ED9245F6DA20025AED5 /* LoginRequest.swift in Sources */,
				C1D15EDA245F6DA20025AED5 /* LoginResponse.swift in Sources */,
				C1D15EDB245F6DA20025AED5 /* Logout.swift in Sources */,
				C1D15EDD245F6DA20025AED5 /* StudentLocation.swift in Sources */,
				C1D15EDE245F6DA20025AED5 /* UdacityAPI.swift in Sources */,
				C1A04A5D246886DA00B28D9C /* ListTableViewController.swift in Sources */,
				C1D15EDF245F6DA20025AED5 /* LoginViewController.swift in Sources */,
				C1D15EE1245F6DA20025AED5 /* MapViewController.swift in Sources */,
				C1A04A5B24687C5200B28D9C /* StudentLocationModel.swift in Sources */,
				C1D15EE2245F6DA20025AED5 /* AddLocationViewController.swift in Sources */,
				C1D15EE3245F6DA20025AED5 /* SceneDelegate.swift in Sources */,
				C148FB78246943C100BCE527 /* EndMapViewController.swift in Sources */,
				C1D15EE4245F6DA20025AED5 /* AppDelegate.swift in Sources */,
				C1D15EE5245F6DA20025AED5 /* Utilities.swift in Sources */,
			);
			runOnlyForDeploymentPostprocessing = 0;
		};
/* End PBXSourcesBuildPhase section */

/* Begin PBXVariantGroup section */
		C1CBA28024571466005A0EBE /* Main.storyboard */ = {
			isa = PBXVariantGroup;
			children = (
				C1CBA28124571466005A0EBE /* Base */,
			);
			name = Main.storyboard;
			sourceTree = "<group>";
		};
		C1CBA28524571469005A0EBE /* LaunchScreen.storyboard */ = {
			isa = PBXVariantGroup;
			children = (
				C1CBA28624571469005A0EBE /* Base */,
			);
			name = LaunchScreen.storyboard;
			sourceTree = "<group>";
		};
/* End PBXVariantGroup section */

/* Begin XCBuildConfiguration section */
		C1CBA28924571469005A0EBE /* Debug */ = {
			isa = XCBuildConfiguration;
			buildSettings = {
				ALWAYS_SEARCH_USER_PATHS = NO;
				CLANG_ANALYZER_NONNULL = YES;
				CLANG_ANALYZER_NUMBER_OBJECT_CONVERSION = YES_AGGRESSIVE;
				CLANG_CXX_LANGUAGE_STANDARD = "gnu++14";
				CLANG_CXX_LIBRARY = "libc++";
				CLANG_ENABLE_MODULES = YES;
				CLANG_ENABLE_OBJC_ARC = YES;
				CLANG_ENABLE_OBJC_WEAK = YES;
				CLANG_WARN_BLOCK_CAPTURE_AUTORELEASING = YES;
				CLANG_WARN_BOOL_CONVERSION = YES;
				CLANG_WARN_COMMA = YES;
				CLANG_WARN_CONSTANT_CONVERSION = YES;
				CLANG_WARN_DEPRECATED_OBJC_IMPLEMENTATIONS = YES;
				CLANG_WARN_DIRECT_OBJC_ISA_USAGE = YES_ERROR;
				CLANG_WARN_DOCUMENTATION_COMMENTS = YES;
				CLANG_WARN_EMPTY_BODY = YES;
				CLANG_WARN_ENUM_CONVERSION = YES;
				CLANG_WARN_INFINITE_RECURSION = YES;
				CLANG_WARN_INT_CONVERSION = YES;
				CLANG_WARN_NON_LITERAL_NULL_CONVERSION = YES;
				CLANG_WARN_OBJC_IMPLICIT_RETAIN_SELF = YES;
				CLANG_WARN_OBJC_LITERAL_CONVERSION = YES;
				CLANG_WARN_OBJC_ROOT_CLASS = YES_ERROR;
				CLANG_WARN_RANGE_LOOP_ANALYSIS = YES;
				CLANG_WARN_STRICT_PROTOTYPES = YES;
				CLANG_WARN_SUSPICIOUS_MOVE = YES;
				CLANG_WARN_UNGUARDED_AVAILABILITY = YES_AGGRESSIVE;
				CLANG_WARN_UNREACHABLE_CODE = YES;
				CLANG_WARN__DUPLICATE_METHOD_MATCH = YES;
				COPY_PHASE_STRIP = NO;
				DEBUG_INFORMATION_FORMAT = dwarf;
				ENABLE_STRICT_OBJC_MSGSEND = YES;
				ENABLE_TESTABILITY = YES;
				GCC_C_LANGUAGE_STANDARD = gnu11;
				GCC_DYNAMIC_NO_PIC = NO;
				GCC_NO_COMMON_BLOCKS = YES;
				GCC_OPTIMIZATION_LEVEL = 0;
				GCC_PREPROCESSOR_DEFINITIONS = (
					"DEBUG=1",
					"$(inherited)",
				);
				GCC_WARN_64_TO_32_BIT_CONVERSION = YES;
				GCC_WARN_ABOUT_RETURN_TYPE = YES_ERROR;
				GCC_WARN_UNDECLARED_SELECTOR = YES;
				GCC_WARN_UNINITIALIZED_AUTOS = YES_AGGRESSIVE;
				GCC_WARN_UNUSED_FUNCTION = YES;
				GCC_WARN_UNUSED_VARIABLE = YES;
				IPHONEOS_DEPLOYMENT_TARGET = 13.4;
				MTL_ENABLE_DEBUG_INFO = INCLUDE_SOURCE;
				MTL_FAST_MATH = YES;
				ONLY_ACTIVE_ARCH = YES;
				SDKROOT = iphoneos;
				SWIFT_ACTIVE_COMPILATION_CONDITIONS = DEBUG;
				SWIFT_OPTIMIZATION_LEVEL = "-Onone";
			};
			name = Debug;
		};
		C1CBA28A24571469005A0EBE /* Release */ = {
			isa = XCBuildConfiguration;
			buildSettings = {
				ALWAYS_SEARCH_USER_PATHS = NO;
				CLANG_ANALYZER_NONNULL = YES;
				CLANG_ANALYZER_NUMBER_OBJECT_CONVERSION = YES_AGGRESSIVE;
				CLANG_CXX_LANGUAGE_STANDARD = "gnu++14";
				CLANG_CXX_LIBRARY = "libc++";
				CLANG_ENABLE_MODULES = YES;
				CLANG_ENABLE_OBJC_ARC = YES;
				CLANG_ENABLE_OBJC_WEAK = YES;
				CLANG_WARN_BLOCK_CAPTURE_AUTORELEASING = YES;
				CLANG_WARN_BOOL_CONVERSION = YES;
				CLANG_WARN_COMMA = YES;
				CLANG_WARN_CONSTANT_CONVERSION = YES;
				CLANG_WARN_DEPRECATED_OBJC_IMPLEMENTATIONS = YES;
				CLANG_WARN_DIRECT_OBJC_ISA_USAGE = YES_ERROR;
				CLANG_WARN_DOCUMENTATION_COMMENTS = YES;
				CLANG_WARN_EMPTY_BODY = YES;
				CLANG_WARN_ENUM_CONVERSION = YES;
				CLANG_WARN_INFINITE_RECURSION = YES;
				CLANG_WARN_INT_CONVERSION = YES;
				CLANG_WARN_NON_LITERAL_NULL_CONVERSION = YES;
				CLANG_WARN_OBJC_IMPLICIT_RETAIN_SELF = YES;
				CLANG_WARN_OBJC_LITERAL_CONVERSION = YES;
				CLANG_WARN_OBJC_ROOT_CLASS = YES_ERROR;
				CLANG_WARN_RANGE_LOOP_ANALYSIS = YES;
				CLANG_WARN_STRICT_PROTOTYPES = YES;
				CLANG_WARN_SUSPICIOUS_MOVE = YES;
				CLANG_WARN_UNGUARDED_AVAILABILITY = YES_AGGRESSIVE;
				CLANG_WARN_UNREACHABLE_CODE = YES;
				CLANG_WARN__DUPLICATE_METHOD_MATCH = YES;
				COPY_PHASE_STRIP = NO;
				DEBUG_INFORMATION_FORMAT = "dwarf-with-dsym";
				ENABLE_NS_ASSERTIONS = NO;
				ENABLE_STRICT_OBJC_MSGSEND = YES;
				GCC_C_LANGUAGE_STANDARD = gnu11;
				GCC_NO_COMMON_BLOCKS = YES;
				GCC_WARN_64_TO_32_BIT_CONVERSION = YES;
				GCC_WARN_ABOUT_RETURN_TYPE = YES_ERROR;
				GCC_WARN_UNDECLARED_SELECTOR = YES;
				GCC_WARN_UNINITIALIZED_AUTOS = YES_AGGRESSIVE;
				GCC_WARN_UNUSED_FUNCTION = YES;
				GCC_WARN_UNUSED_VARIABLE = YES;
				IPHONEOS_DEPLOYMENT_TARGET = 13.4;
				MTL_ENABLE_DEBUG_INFO = NO;
				MTL_FAST_MATH = YES;
				SDKROOT = iphoneos;
				SWIFT_COMPILATION_MODE = wholemodule;
				SWIFT_OPTIMIZATION_LEVEL = "-O";
				VALIDATE_PRODUCT = YES;
			};
			name = Release;
		};
		C1CBA28C24571469005A0EBE /* Debug */ = {
			isa = XCBuildConfiguration;
			buildSettings = {
				ASSETCATALOG_COMPILER_APPICON_NAME = AppIcon;
				CODE_SIGN_STYLE = Automatic;
				DEVELOPMENT_TEAM = H52RBPYSWK;
				INFOPLIST_FILE = On_The_Map/Info.plist;
				LD_RUNPATH_SEARCH_PATHS = (
					"$(inherited)",
					"@executable_path/Frameworks",
				);
				PRODUCT_BUNDLE_IDENTIFIER = "www.udacity.com.On-The-Map";
				PRODUCT_NAME = "$(TARGET_NAME)";
				SWIFT_VERSION = 5.0;
				TARGETED_DEVICE_FAMILY = "1,2";
			};
			name = Debug;
		};
		C1CBA28D24571469005A0EBE /* Release */ = {
			isa = XCBuildConfiguration;
			buildSettings = {
				ASSETCATALOG_COMPILER_APPICON_NAME = AppIcon;
				CODE_SIGN_STYLE = Automatic;
				DEVELOPMENT_TEAM = H52RBPYSWK;
				INFOPLIST_FILE = On_The_Map/Info.plist;
				LD_RUNPATH_SEARCH_PATHS = (
					"$(inherited)",
					"@executable_path/Frameworks",
				);
				PRODUCT_BUNDLE_IDENTIFIER = "www.udacity.com.On-The-Map";
				PRODUCT_NAME = "$(TARGET_NAME)";
				SWIFT_VERSION = 5.0;
				TARGETED_DEVICE_FAMILY = "1,2";
			};
			name = Release;
		};
/* End XCBuildConfiguration section */

/* Begin XCConfigurationList section */
		C1CBA27224571466005A0EBE /* Build configuration list for PBXProject "On_The_Map" */ = {
			isa = XCConfigurationList;
			buildConfigurations = (
				C1CBA28924571469005A0EBE /* Debug */,
				C1CBA28A24571469005A0EBE /* Release */,
			);
			defaultConfigurationIsVisible = 0;
			defaultConfigurationName = Release;
		};
		C1CBA28B24571469005A0EBE /* Build configuration list for PBXNativeTarget "On_The_Map" */ = {
			isa = XCConfigurationList;
			buildConfigurations = (
				C1CBA28C24571469005A0EBE /* Debug */,
				C1CBA28D24571469005A0EBE /* Release */,
			);
			defaultConfigurationIsVisible = 0;
			defaultConfigurationName = Release;
		};
/* End XCConfigurationList section */
	};
	rootObject = C1CBA26F24571466005A0EBE /* Project object */;
}
