// !$*UTF8*$!
{
	archiveVersion = 1;
	classes = {
	};
	objectVersion = 50;
	objects = {

/* Begin PBXBuildFile section */
		C11C615923FBDFB100C0971C /* PlaySoundsViewController+Audio.swift in Sources */ = {isa = PBXBuildFile; fileRef = C11C615823FBDFB100C0971C /* PlaySoundsViewController+Audio.swift */; };
		C18C691723F873D400239CE2 /* AppDelegate.swift in Sources */ = {isa = PBXBuildFile; fileRef = C18C691623F873D400239CE2 /* AppDelegate.swift */; };
		C18C691923F873D400239CE2 /* SceneDelegate.swift in Sources */ = {isa = PBXBuildFile; fileRef = C18C691823F873D400239CE2 /* SceneDelegate.swift */; };
		C18C691B23F873D400239CE2 /* RecordSoundsViewController.swift in Sources */ = {isa = PBXBuildFile; fileRef = C18C691A23F873D400239CE2 /* RecordSoundsViewController.swift */; };
		C18C691E23F873D400239CE2 /* Main.storyboard in Resources */ = {isa = PBXBuildFile; fileRef = C18C691C23F873D400239CE2 /* Main.storyboard */; };
		C18C692023F873D500239CE2 /* Assets.xcassets in Resources */ = {isa = PBXBuildFile; fileRef = C18C691F23F873D500239CE2 /* Assets.xcassets */; };
		C18C692323F873D500239CE2 /* LaunchScreen.storyboard in Resources */ = {isa = PBXBuildFile; fileRef = C18C692123F873D500239CE2 /* LaunchScreen.storyboard */; };
		C1A4CA5523F9D3A700E0FA4C /* PlaySoundsViewController.swift in Sources */ = {isa = PBXBuildFile; fileRef = C1A4CA5423F9D3A700E0FA4C /* PlaySoundsViewController.swift */; };
/* End PBXBuildFile section */

/* Begin PBXFileReference section */
		C11C615823FBDFB100C0971C /* PlaySoundsViewController+Audio.swift */ = {isa = PBXFileReference; lastKnownFileType = sourcecode.swift; path = "PlaySoundsViewController+Audio.swift"; sourceTree = "<group>"; };
		C18C691323F873D400239CE2 /* Pitch_Perfect.app */ = {isa = PBXFileReference; explicitFileType = wrapper.application; includeInIndex = 0; path = Pitch_Perfect.app; sourceTree = BUILT_PRODUCTS_DIR; };
		C18C691623F873D400239CE2 /* AppDelegate.swift */ = {isa = PBXFileReference; lastKnownFileType = sourcecode.swift; path = AppDelegate.swift; sourceTree = "<group>"; };
		C18C691823F873D400239CE2 /* SceneDelegate.swift */ = {isa = PBXFileReference; lastKnownFileType = sourcecode.swift; path = SceneDelegate.swift; sourceTree = "<group>"; };
		C18C691A23F873D400239CE2 /* RecordSoundsViewController.swift */ = {isa = PBXFileReference; lastKnownFileType = sourcecode.swift; path = RecordSoundsViewController.swift; sourceTree = "<group>"; };
		C18C691D23F873D400239CE2 /* Base */ = {isa = PBXFileReference; lastKnownFileType = file.storyboard; name = Base; path = Base.lproj/Main.storyboard; sourceTree = "<group>"; };
		C18C691F23F873D500239CE2 /* Assets.xcassets */ = {isa = PBXFileReference; lastKnownFileType = folder.assetcatalog; path = Assets.xcassets; sourceTree = "<group>"; };
		C18C692223F873D500239CE2 /* Base */ = {isa = PBXFileReference; lastKnownFileType = file.storyboard; name = Base; path = Base.lproj/LaunchScreen.storyboard; sourceTree = "<group>"; };
		C18C692423F873D500239CE2 /* Info.plist */ = {isa = PBXFileReference; lastKnownFileType = text.plist.xml; path = Info.plist; sourceTree = "<group>"; };
		C1A4CA5423F9D3A700E0FA4C /* PlaySoundsViewController.swift */ = {isa = PBXFileReference; lastKnownFileType = sourcecode.swift; path = PlaySoundsViewController.swift; sourceTree = "<group>"; };
/* End PBXFileReference section */

/* Begin PBXFrameworksBuildPhase section */
		C18C691023F873D400239CE2 /* Frameworks */ = {
			isa = PBXFrameworksBuildPhase;
			buildActionMask = 2147483647;
			files = (
			);
			runOnlyForDeploymentPostprocessing = 0;
		};
/* End PBXFrameworksBuildPhase section */

/* Begin PBXGroup section */
		C18C690A23F873D400239CE2 = {
			isa = PBXGroup;
			children = (
				C18C691523F873D400239CE2 /* Pitch_Perfect */,
				C18C691423F873D400239CE2 /* Products */,
			);
			sourceTree = "<group>";
		};
		C18C691423F873D400239CE2 /* Products */ = {
			isa = PBXGroup;
			children = (
				C18C691323F873D400239CE2 /* Pitch_Perfect.app */,
			);
			name = Products;
			sourceTree = "<group>";
		};
		C18C691523F873D400239CE2 /* Pitch_Perfect */ = {
			isa = PBXGroup;
			children = (
				C18C691623F873D400239CE2 /* AppDelegate.swift */,
				C18C691823F873D400239CE2 /* SceneDelegate.swift */,
				C18C691A23F873D400239CE2 /* RecordSoundsViewController.swift */,
				C18C691C23F873D400239CE2 /* Main.storyboard */,
				C18C691F23F873D500239CE2 /* Assets.xcassets */,
				C18C692123F873D500239CE2 /* LaunchScreen.storyboard */,
				C18C692423F873D500239CE2 /* Info.plist */,
				C1A4CA5423F9D3A700E0FA4C /* PlaySoundsViewController.swift */,
				C11C615823FBDFB100C0971C /* PlaySoundsViewController+Audio.swift */,
			);
			path = Pitch_Perfect;
			sourceTree = "<group>";
		};
/* End PBXGroup section */

/* Begin PBXNativeTarget section */
		C18C691223F873D400239CE2 /* Pitch_Perfect */ = {
			isa = PBXNativeTarget;
			buildConfigurationList = C18C692723F873D500239CE2 /* Build configuration list for PBXNativeTarget "Pitch_Perfect" */;
			buildPhases = (
				C18C690F23F873D400239CE2 /* Sources */,
				C18C691023F873D400239CE2 /* Frameworks */,
				C18C691123F873D400239CE2 /* Resources */,
			);
			buildRules = (
			);
			dependencies = (
			);
			name = Pitch_Perfect;
			productName = Pitch_Perfect;
			productReference = C18C691323F873D400239CE2 /* Pitch_Perfect.app */;
			productType = "com.apple.product-type.application";
		};
/* End PBXNativeTarget section */

/* Begin PBXProject section */
		C18C690B23F873D400239CE2 /* Project object */ = {
			isa = PBXProject;
			attributes = {
				LastSwiftUpdateCheck = 1130;
				LastUpgradeCheck = 1130;
				ORGANIZATIONNAME = udacity.com;
				TargetAttributes = {
					C18C691223F873D400239CE2 = {
						CreatedOnToolsVersion = 11.3.1;
					};
				};
			};
			buildConfigurationList = C18C690E23F873D400239CE2 /* Build configuration list for PBXProject "Pitch_Perfect" */;
			compatibilityVersion = "Xcode 9.3";
			developmentRegion = en;
			hasScannedForEncodings = 0;
			knownRegions = (
				en,
				Base,
			);
			mainGroup = C18C690A23F873D400239CE2;
			productRefGroup = C18C691423F873D400239CE2 /* Products */;
			projectDirPath = "";
			projectRoot = "";
			targets = (
				C18C691223F873D400239CE2 /* Pitch_Perfect */,
			);
		};
/* End PBXProject section */

/* Begin PBXResourcesBuildPhase section */
		C18C691123F873D400239CE2 /* Resources */ = {
			isa = PBXResourcesBuildPhase;
			buildActionMask = 2147483647;
			files = (
				C18C692323F873D500239CE2 /* LaunchScreen.storyboard in Resources */,
				C18C692023F873D500239CE2 /* Assets.xcassets in Resources */,
				C18C691E23F873D400239CE2 /* Main.storyboard in Resources */,
			);
			runOnlyForDeploymentPostprocessing = 0;
		};
/* End PBXResourcesBuildPhase section */

/* Begin PBXSourcesBuildPhase section */
		C18C690F23F873D400239CE2 /* Sources */ = {
			isa = PBXSourcesBuildPhase;
			buildActionMask = 2147483647;
			files = (
				C11C615923FBDFB100C0971C /* PlaySoundsViewController+Audio.swift in Sources */,
				C18C691B23F873D400239CE2 /* RecordSoundsViewController.swift in Sources */,
				C18C691723F873D400239CE2 /* AppDelegate.swift in Sources */,
				C1A4CA5523F9D3A700E0FA4C /* PlaySoundsViewController.swift in Sources */,
				C18C691923F873D400239CE2 /* SceneDelegate.swift in Sources */,
			);
			runOnlyForDeploymentPostprocessing = 0;
		};
/* End PBXSourcesBuildPhase section */

/* Begin PBXVariantGroup section */
		C18C691C23F873D400239CE2 /* Main.storyboard */ = {
			isa = PBXVariantGroup;
			children = (
				C18C691D23F873D400239CE2 /* Base */,
			);
			name = Main.storyboard;
			sourceTree = "<group>";
		};
		C18C692123F873D500239CE2 /* LaunchScreen.storyboard */ = {
			isa = PBXVariantGroup;
			children = (
				C18C692223F873D500239CE2 /* Base */,
			);
			name = LaunchScreen.storyboard;
			sourceTree = "<group>";
		};
/* End PBXVariantGroup section */

/* Begin XCBuildConfiguration section */
		C18C692523F873D500239CE2 /* Debug */ = {
			isa = XCBuildConfiguration;
			buildSettings = {
				ALWAYS_SEARCH_USER_PATHS = NO;
				CLANG_ANALYZER_NONNULL = YES;
				CLANG_ANALYZER_NUMBER_OBJECT_CONVERSION = YES_AGGRESSIVE;
				CLANG_CXX_LANGUAGE_STANDARD = "gnu++14";
				CLANG_CXX_LIBRARY = "libc++";
				CLANG_ENABLE_MODULES = YES;
				CLANG_ENABLE_OBJC_ARC = YES;
				CLANG_ENABLE_OBJC_WEAK = YES;
				CLANG_WARN_BLOCK_CAPTURE_AUTORELEASING = YES;
				CLANG_WARN_BOOL_CONVERSION = YES;
				CLANG_WARN_COMMA = YES;
				CLANG_WARN_CONSTANT_CONVERSION = YES;
				CLANG_WARN_DEPRECATED_OBJC_IMPLEMENTATIONS = YES;
				CLANG_WARN_DIRECT_OBJC_ISA_USAGE = YES_ERROR;
				CLANG_WARN_DOCUMENTATION_COMMENTS = YES;
				CLANG_WARN_EMPTY_BODY = YES;
				CLANG_WARN_ENUM_CONVERSION = YES;
				CLANG_WARN_INFINITE_RECURSION = YES;
				CLANG_WARN_INT_CONVERSION = YES;
				CLANG_WARN_NON_LITERAL_NULL_CONVERSION = YES;
				CLANG_WARN_OBJC_IMPLICIT_RETAIN_SELF = YES;
				CLANG_WARN_OBJC_LITERAL_CONVERSION = YES;
				CLANG_WARN_OBJC_ROOT_CLASS = YES_ERROR;
				CLANG_WARN_RANGE_LOOP_ANALYSIS = YES;
				CLANG_WARN_STRICT_PROTOTYPES = YES;
				CLANG_WARN_SUSPICIOUS_MOVE = YES;
				CLANG_WARN_UNGUARDED_AVAILABILITY = YES_AGGRESSIVE;
				CLANG_WARN_UNREACHABLE_CODE = YES;
				CLANG_WARN__DUPLICATE_METHOD_MATCH = YES;
				COPY_PHASE_STRIP = NO;
				DEBUG_INFORMATION_FORMAT = dwarf;
				ENABLE_STRICT_OBJC_MSGSEND = YES;
				ENABLE_TESTABILITY = YES;
				GCC_C_LANGUAGE_STANDARD = gnu11;
				GCC_DYNAMIC_NO_PIC = NO;
				GCC_NO_COMMON_BLOCKS = YES;
				GCC_OPTIMIZATION_LEVEL = 0;
				GCC_PREPROCESSOR_DEFINITIONS = (
					"DEBUG=1",
					"$(inherited)",
				);
				GCC_WARN_64_TO_32_BIT_CONVERSION = YES;
				GCC_WARN_ABOUT_RETURN_TYPE = YES_ERROR;
				GCC_WARN_UNDECLARED_SELECTOR = YES;
				GCC_WARN_UNINITIALIZED_AUTOS = YES_AGGRESSIVE;
				GCC_WARN_UNUSED_FUNCTION = YES;
				GCC_WARN_UNUSED_VARIABLE = YES;
				IPHONEOS_DEPLOYMENT_TARGET = 13.2;
				MTL_ENABLE_DEBUG_INFO = INCLUDE_SOURCE;
				MTL_FAST_MATH = YES;
				ONLY_ACTIVE_ARCH = YES;
				SDKROOT = iphoneos;
				SWIFT_ACTIVE_COMPILATION_CONDITIONS = DEBUG;
				SWIFT_OPTIMIZATION_LEVEL = "-Onone";
			};
			name = Debug;
		};
		C18C692623F873D500239CE2 /* Release */ = {
			isa = XCBuildConfiguration;
			buildSettings = {
				ALWAYS_SEARCH_USER_PATHS = NO;
				CLANG_ANALYZER_NONNULL = YES;
				CLANG_ANALYZER_NUMBER_OBJECT_CONVERSION = YES_AGGRESSIVE;
				CLANG_CXX_LANGUAGE_STANDARD = "gnu++14";
				CLANG_CXX_LIBRARY = "libc++";
				CLANG_ENABLE_MODULES = YES;
				CLANG_ENABLE_OBJC_ARC = YES;
				CLANG_ENABLE_OBJC_WEAK = YES;
				CLANG_WARN_BLOCK_CAPTURE_AUTORELEASING = YES;
				CLANG_WARN_BOOL_CONVERSION = YES;
				CLANG_WARN_COMMA = YES;
				CLANG_WARN_CONSTANT_CONVERSION = YES;
				CLANG_WARN_DEPRECATED_OBJC_IMPLEMENTATIONS = YES;
				CLANG_WARN_DIRECT_OBJC_ISA_USAGE = YES_ERROR;
				CLANG_WARN_DOCUMENTATION_COMMENTS = YES;
				CLANG_WARN_EMPTY_BODY = YES;
				CLANG_WARN_ENUM_CONVERSION = YES;
				CLANG_WARN_INFINITE_RECURSION = YES;
				CLANG_WARN_INT_CONVERSION = YES;
				CLANG_WARN_NON_LITERAL_NULL_CONVERSION = YES;
				CLANG_WARN_OBJC_IMPLICIT_RETAIN_SELF = YES;
				CLANG_WARN_OBJC_LITERAL_CONVERSION = YES;
				CLANG_WARN_OBJC_ROOT_CLASS = YES_ERROR;
				CLANG_WARN_RANGE_LOOP_ANALYSIS = YES;
				CLANG_WARN_STRICT_PROTOTYPES = YES;
				CLANG_WARN_SUSPICIOUS_MOVE = YES;
				CLANG_WARN_UNGUARDED_AVAILABILITY = YES_AGGRESSIVE;
				CLANG_WARN_UNREACHABLE_CODE = YES;
				CLANG_WARN__DUPLICATE_METHOD_MATCH = YES;
				COPY_PHASE_STRIP = NO;
				DEBUG_INFORMATION_FORMAT = "dwarf-with-dsym";
				ENABLE_NS_ASSERTIONS = NO;
				ENABLE_STRICT_OBJC_MSGSEND = YES;
				GCC_C_LANGUAGE_STANDARD = gnu11;
				GCC_NO_COMMON_BLOCKS = YES;
				GCC_WARN_64_TO_32_BIT_CONVERSION = YES;
				GCC_WARN_ABOUT_RETURN_TYPE = YES_ERROR;
				GCC_WARN_UNDECLARED_SELECTOR = YES;
				GCC_WARN_UNINITIALIZED_AUTOS = YES_AGGRESSIVE;
				GCC_WARN_UNUSED_FUNCTION = YES;
				GCC_WARN_UNUSED_VARIABLE = YES;
				IPHONEOS_DEPLOYMENT_TARGET = 13.2;
				MTL_ENABLE_DEBUG_INFO = NO;
				MTL_FAST_MATH = YES;
				SDKROOT = iphoneos;
				SWIFT_COMPILATION_MODE = wholemodule;
				SWIFT_OPTIMIZATION_LEVEL = "-O";
				VALIDATE_PRODUCT = YES;
			};
			name = Release;
		};
		C18C692823F873D500239CE2 /* Debug */ = {
			isa = XCBuildConfiguration;
			buildSettings = {
				ASSETCATALOG_COMPILER_APPICON_NAME = AppIcon;
				CODE_SIGN_STYLE = Automatic;
				DEVELOPMENT_TEAM = H52RBPYSWK;
				INFOPLIST_FILE = Pitch_Perfect/Info.plist;
				LD_RUNPATH_SEARCH_PATHS = (
					"$(inherited)",
					"@executable_path/Frameworks",
				);
				PRODUCT_BUNDLE_IDENTIFIER = "Udacity-PitchPerfect";
				PRODUCT_NAME = "$(TARGET_NAME)";
				SWIFT_VERSION = 5.0;
				TARGETED_DEVICE_FAMILY = "1,2";
			};
			name = Debug;
		};
		C18C692923F873D500239CE2 /* Release */ = {
			isa = XCBuildConfiguration;
			buildSettings = {
				ASSETCATALOG_COMPILER_APPICON_NAME = AppIcon;
				CODE_SIGN_STYLE = Automatic;
				DEVELOPMENT_TEAM = H52RBPYSWK;
				INFOPLIST_FILE = Pitch_Perfect/Info.plist;
				LD_RUNPATH_SEARCH_PATHS = (
					"$(inherited)",
					"@executable_path/Frameworks",
				);
				PRODUCT_BUNDLE_IDENTIFIER = "Udacity-PitchPerfect";
				PRODUCT_NAME = "$(TARGET_NAME)";
				SWIFT_VERSION = 5.0;
				TARGETED_DEVICE_FAMILY = "1,2";
			};
			name = Release;
		};
/* End XCBuildConfiguration section */

/* Begin XCConfigurationList section */
		C18C690E23F873D400239CE2 /* Build configuration list for PBXProject "Pitch_Perfect" */ = {
			isa = XCConfigurationList;
			buildConfigurations = (
				C18C692523F873D500239CE2 /* Debug */,
				C18C692623F873D500239CE2 /* Release */,
			);
			defaultConfigurationIsVisible = 0;
			defaultConfigurationName = Release;
		};
		C18C692723F873D500239CE2 /* Build configuration list for PBXNativeTarget "Pitch_Perfect" */ = {
			isa = XCConfigurationList;
			buildConfigurations = (
				C18C692823F873D500239CE2 /* Debug */,
				C18C692923F873D500239CE2 /* Release */,
			);
			defaultConfigurationIsVisible = 0;
			defaultConfigurationName = Release;
		};
/* End XCConfigurationList section */
	};
	rootObject = C18C690B23F873D400239CE2 /* Project object */;
}
