// !$*UTF8*$!
{
	archiveVersion = 1;
	classes = {
	};
	objectVersion = 50;
	objects = {

/* Begin PBXBuildFile section */
		C1462CE42426883100B90834 /* AppDelegate.swift in Sources */ = {isa = PBXBuildFile; fileRef = C1462CE32426883100B90834 /* AppDelegate.swift */; };
		C1462CE62426883100B90834 /* SceneDelegate.swift in Sources */ = {isa = PBXBuildFile; fileRef = C1462CE52426883100B90834 /* SceneDelegate.swift */; };
		C1462CE82426883100B90834 /* ViewController.swift in Sources */ = {isa = PBXBuildFile; fileRef = C1462CE72426883100B90834 /* ViewController.swift */; };
		C1462CEB2426883100B90834 /* Main.storyboard in Resources */ = {isa = PBXBuildFile; fileRef = C1462CE92426883100B90834 /* Main.storyboard */; };
		C1462CED2426883200B90834 /* Assets.xcassets in Resources */ = {isa = PBXBuildFile; fileRef = C1462CEC2426883200B90834 /* Assets.xcassets */; };
		C1462CF02426883200B90834 /* LaunchScreen.storyboard in Resources */ = {isa = PBXBuildFile; fileRef = C1462CEE2426883200B90834 /* LaunchScreen.storyboard */; };
		C14AD7462427DA9600358E95 /* Meme.swift in Sources */ = {isa = PBXBuildFile; fileRef = C14AD7452427DA9600358E95 /* Meme.swift */; };
/* End PBXBuildFile section */

/* Begin PBXFileReference section */
		C1462CE02426883100B90834 /* MemeMe_1.0.app */ = {isa = PBXFileReference; explicitFileType = wrapper.application; includeInIndex = 0; path = MemeMe_1.0.app; sourceTree = BUILT_PRODUCTS_DIR; };
		C1462CE32426883100B90834 /* AppDelegate.swift */ = {isa = PBXFileReference; lastKnownFileType = sourcecode.swift; path = AppDelegate.swift; sourceTree = "<group>"; };
		C1462CE52426883100B90834 /* SceneDelegate.swift */ = {isa = PBXFileReference; lastKnownFileType = sourcecode.swift; path = SceneDelegate.swift; sourceTree = "<group>"; };
		C1462CE72426883100B90834 /* ViewController.swift */ = {isa = PBXFileReference; lastKnownFileType = sourcecode.swift; path = ViewController.swift; sourceTree = "<group>"; };
		C1462CEA2426883100B90834 /* Base */ = {isa = PBXFileReference; lastKnownFileType = file.storyboard; name = Base; path = Base.lproj/Main.storyboard; sourceTree = "<group>"; };
		C1462CEC2426883200B90834 /* Assets.xcassets */ = {isa = PBXFileReference; lastKnownFileType = folder.assetcatalog; path = Assets.xcassets; sourceTree = "<group>"; };
		C1462CEF2426883200B90834 /* Base */ = {isa = PBXFileReference; lastKnownFileType = file.storyboard; name = Base; path = Base.lproj/LaunchScreen.storyboard; sourceTree = "<group>"; };
		C1462CF12426883200B90834 /* Info.plist */ = {isa = PBXFileReference; lastKnownFileType = text.plist.xml; path = Info.plist; sourceTree = "<group>"; };
		C14AD7452427DA9600358E95 /* Meme.swift */ = {isa = PBXFileReference; lastKnownFileType = sourcecode.swift; path = Meme.swift; sourceTree = "<group>"; };
/* End PBXFileReference section */

/* Begin PBXFrameworksBuildPhase section */
		C1462CDD2426883100B90834 /* Frameworks */ = {
			isa = PBXFrameworksBuildPhase;
			buildActionMask = 2147483647;
			files = (
			);
			runOnlyForDeploymentPostprocessing = 0;
		};
/* End PBXFrameworksBuildPhase section */

/* Begin PBXGroup section */
		C1462CD72426883100B90834 = {
			isa = PBXGroup;
			children = (
				C1462CE22426883100B90834 /* MemeMe_1.0 */,
				C1462CE12426883100B90834 /* Products */,
			);
			sourceTree = "<group>";
		};
		C1462CE12426883100B90834 /* Products */ = {
			isa = PBXGroup;
			children = (
				C1462CE02426883100B90834 /* MemeMe_1.0.app */,
			);
			name = Products;
			sourceTree = "<group>";
		};
		C1462CE22426883100B90834 /* MemeMe_1.0 */ = {
			isa = PBXGroup;
			children = (
				C1462CE32426883100B90834 /* AppDelegate.swift */,
				C1462CE52426883100B90834 /* SceneDelegate.swift */,
				C1462CE72426883100B90834 /* ViewController.swift */,
				C1462CE92426883100B90834 /* Main.storyboard */,
				C1462CEC2426883200B90834 /* Assets.xcassets */,
				C1462CEE2426883200B90834 /* LaunchScreen.storyboard */,
				C1462CF12426883200B90834 /* Info.plist */,
				C14AD7452427DA9600358E95 /* Meme.swift */,
			);
			path = MemeMe_1.0;
			sourceTree = "<group>";
		};
/* End PBXGroup section */

/* Begin PBXNativeTarget section */
		C1462CDF2426883100B90834 /* MemeMe_1.0 */ = {
			isa = PBXNativeTarget;
			buildConfigurationList = C1462CF42426883200B90834 /* Build configuration list for PBXNativeTarget "MemeMe_1.0" */;
			buildPhases = (
				C1462CDC2426883100B90834 /* Sources */,
				C1462CDD2426883100B90834 /* Frameworks */,
				C1462CDE2426883100B90834 /* Resources */,
			);
			buildRules = (
			);
			dependencies = (
			);
			name = MemeMe_1.0;
			productName = MemeMe_1.0;
			productReference = C1462CE02426883100B90834 /* MemeMe_1.0.app */;
			productType = "com.apple.product-type.application";
		};
/* End PBXNativeTarget section */

/* Begin PBXProject section */
		C1462CD82426883100B90834 /* Project object */ = {
			isa = PBXProject;
			attributes = {
				LastSwiftUpdateCheck = 1130;
				LastUpgradeCheck = 1130;
				ORGANIZATIONNAME = udacity.com;
				TargetAttributes = {
					C1462CDF2426883100B90834 = {
						CreatedOnToolsVersion = 11.3.1;
					};
				};
			};
			buildConfigurationList = C1462CDB2426883100B90834 /* Build configuration list for PBXProject "MemeMe_1.0" */;
			compatibilityVersion = "Xcode 9.3";
			developmentRegion = en;
			hasScannedForEncodings = 0;
			knownRegions = (
				en,
				Base,
			);
			mainGroup = C1462CD72426883100B90834;
			productRefGroup = C1462CE12426883100B90834 /* Products */;
			projectDirPath = "";
			projectRoot = "";
			targets = (
				C1462CDF2426883100B90834 /* MemeMe_1.0 */,
			);
		};
/* End PBXProject section */

/* Begin PBXResourcesBuildPhase section */
		C1462CDE2426883100B90834 /* Resources */ = {
			isa = PBXResourcesBuildPhase;
			buildActionMask = 2147483647;
			files = (
				C1462CF02426883200B90834 /* LaunchScreen.storyboard in Resources */,
				C1462CED2426883200B90834 /* Assets.xcassets in Resources */,
				C1462CEB2426883100B90834 /* Main.storyboard in Resources */,
			);
			runOnlyForDeploymentPostprocessing = 0;
		};
/* End PBXResourcesBuildPhase section */

/* Begin PBXSourcesBuildPhase section */
		C1462CDC2426883100B90834 /* Sources */ = {
			isa = PBXSourcesBuildPhase;
			buildActionMask = 2147483647;
			files = (
				C1462CE82426883100B90834 /* ViewController.swift in Sources */,
				C14AD7462427DA9600358E95 /* Meme.swift in Sources */,
				C1462CE42426883100B90834 /* AppDelegate.swift in Sources */,
				C1462CE62426883100B90834 /* SceneDelegate.swift in Sources */,
			);
			runOnlyForDeploymentPostprocessing = 0;
		};
/* End PBXSourcesBuildPhase section */

/* Begin PBXVariantGroup section */
		C1462CE92426883100B90834 /* Main.storyboard */ = {
			isa = PBXVariantGroup;
			children = (
				C1462CEA2426883100B90834 /* Base */,
			);
			name = Main.storyboard;
			sourceTree = "<group>";
		};
		C1462CEE2426883200B90834 /* LaunchScreen.storyboard */ = {
			isa = PBXVariantGroup;
			children = (
				C1462CEF2426883200B90834 /* Base */,
			);
			name = LaunchScreen.storyboard;
			sourceTree = "<group>";
		};
/* End PBXVariantGroup section */

/* Begin XCBuildConfiguration section */
		C1462CF22426883200B90834 /* Debug */ = {
			isa = XCBuildConfiguration;
			buildSettings = {
				ALWAYS_SEARCH_USER_PATHS = NO;
				CLANG_ANALYZER_NONNULL = YES;
				CLANG_ANALYZER_NUMBER_OBJECT_CONVERSION = YES_AGGRESSIVE;
				CLANG_CXX_LANGUAGE_STANDARD = "gnu++14";
				CLANG_CXX_LIBRARY = "libc++";
				CLANG_ENABLE_MODULES = YES;
				CLANG_ENABLE_OBJC_ARC = YES;
				CLANG_ENABLE_OBJC_WEAK = YES;
				CLANG_WARN_BLOCK_CAPTURE_AUTORELEASING = YES;
				CLANG_WARN_BOOL_CONVERSION = YES;
				CLANG_WARN_COMMA = YES;
				CLANG_WARN_CONSTANT_CONVERSION = YES;
				CLANG_WARN_DEPRECATED_OBJC_IMPLEMENTATIONS = YES;
				CLANG_WARN_DIRECT_OBJC_ISA_USAGE = YES_ERROR;
				CLANG_WARN_DOCUMENTATION_COMMENTS = YES;
				CLANG_WARN_EMPTY_BODY = YES;
				CLANG_WARN_ENUM_CONVERSION = YES;
				CLANG_WARN_INFINITE_RECURSION = YES;
				CLANG_WARN_INT_CONVERSION = YES;
				CLANG_WARN_NON_LITERAL_NULL_CONVERSION = YES;
				CLANG_WARN_OBJC_IMPLICIT_RETAIN_SELF = YES;
				CLANG_WARN_OBJC_LITERAL_CONVERSION = YES;
				CLANG_WARN_OBJC_ROOT_CLASS = YES_ERROR;
				CLANG_WARN_RANGE_LOOP_ANALYSIS = YES;
				CLANG_WARN_STRICT_PROTOTYPES = YES;
				CLANG_WARN_SUSPICIOUS_MOVE = YES;
				CLANG_WARN_UNGUARDED_AVAILABILITY = YES_AGGRESSIVE;
				CLANG_WARN_UNREACHABLE_CODE = YES;
				CLANG_WARN__DUPLICATE_METHOD_MATCH = YES;
				COPY_PHASE_STRIP = NO;
				DEBUG_INFORMATION_FORMAT = dwarf;
				ENABLE_STRICT_OBJC_MSGSEND = YES;
				ENABLE_TESTABILITY = YES;
				GCC_C_LANGUAGE_STANDARD = gnu11;
				GCC_DYNAMIC_NO_PIC = NO;
				GCC_NO_COMMON_BLOCKS = YES;
				GCC_OPTIMIZATION_LEVEL = 0;
				GCC_PREPROCESSOR_DEFINITIONS = (
					"DEBUG=1",
					"$(inherited)",
				);
				GCC_WARN_64_TO_32_BIT_CONVERSION = YES;
				GCC_WARN_ABOUT_RETURN_TYPE = YES_ERROR;
				GCC_WARN_UNDECLARED_SELECTOR = YES;
				GCC_WARN_UNINITIALIZED_AUTOS = YES_AGGRESSIVE;
				GCC_WARN_UNUSED_FUNCTION = YES;
				GCC_WARN_UNUSED_VARIABLE = YES;
				IPHONEOS_DEPLOYMENT_TARGET = 13.2;
				MTL_ENABLE_DEBUG_INFO = INCLUDE_SOURCE;
				MTL_FAST_MATH = YES;
				ONLY_ACTIVE_ARCH = YES;
				SDKROOT = iphoneos;
				SWIFT_ACTIVE_COMPILATION_CONDITIONS = DEBUG;
				SWIFT_OPTIMIZATION_LEVEL = "-Onone";
			};
			name = Debug;
		};
		C1462CF32426883200B90834 /* Release */ = {
			isa = XCBuildConfiguration;
			buildSettings = {
				ALWAYS_SEARCH_USER_PATHS = NO;
				CLANG_ANALYZER_NONNULL = YES;
				CLANG_ANALYZER_NUMBER_OBJECT_CONVERSION = YES_AGGRESSIVE;
				CLANG_CXX_LANGUAGE_STANDARD = "gnu++14";
				CLANG_CXX_LIBRARY = "libc++";
				CLANG_ENABLE_MODULES = YES;
				CLANG_ENABLE_OBJC_ARC = YES;
				CLANG_ENABLE_OBJC_WEAK = YES;
				CLANG_WARN_BLOCK_CAPTURE_AUTORELEASING = YES;
				CLANG_WARN_BOOL_CONVERSION = YES;
				CLANG_WARN_COMMA = YES;
				CLANG_WARN_CONSTANT_CONVERSION = YES;
				CLANG_WARN_DEPRECATED_OBJC_IMPLEMENTATIONS = YES;
				CLANG_WARN_DIRECT_OBJC_ISA_USAGE = YES_ERROR;
				CLANG_WARN_DOCUMENTATION_COMMENTS = YES;
				CLANG_WARN_EMPTY_BODY = YES;
				CLANG_WARN_ENUM_CONVERSION = YES;
				CLANG_WARN_INFINITE_RECURSION = YES;
				CLANG_WARN_INT_CONVERSION = YES;
				CLANG_WARN_NON_LITERAL_NULL_CONVERSION = YES;
				CLANG_WARN_OBJC_IMPLICIT_RETAIN_SELF = YES;
				CLANG_WARN_OBJC_LITERAL_CONVERSION = YES;
				CLANG_WARN_OBJC_ROOT_CLASS = YES_ERROR;
				CLANG_WARN_RANGE_LOOP_ANALYSIS = YES;
				CLANG_WARN_STRICT_PROTOTYPES = YES;
				CLANG_WARN_SUSPICIOUS_MOVE = YES;
				CLANG_WARN_UNGUARDED_AVAILABILITY = YES_AGGRESSIVE;
				CLANG_WARN_UNREACHABLE_CODE = YES;
				CLANG_WARN__DUPLICATE_METHOD_MATCH = YES;
				COPY_PHASE_STRIP = NO;
				DEBUG_INFORMATION_FORMAT = "dwarf-with-dsym";
				ENABLE_NS_ASSERTIONS = NO;
				ENABLE_STRICT_OBJC_MSGSEND = YES;
				GCC_C_LANGUAGE_STANDARD = gnu11;
				GCC_NO_COMMON_BLOCKS = YES;
				GCC_WARN_64_TO_32_BIT_CONVERSION = YES;
				GCC_WARN_ABOUT_RETURN_TYPE = YES_ERROR;
				GCC_WARN_UNDECLARED_SELECTOR = YES;
				GCC_WARN_UNINITIALIZED_AUTOS = YES_AGGRESSIVE;
				GCC_WARN_UNUSED_FUNCTION = YES;
				GCC_WARN_UNUSED_VARIABLE = YES;
				IPHONEOS_DEPLOYMENT_TARGET = 13.2;
				MTL_ENABLE_DEBUG_INFO = NO;
				MTL_FAST_MATH = YES;
				SDKROOT = iphoneos;
				SWIFT_COMPILATION_MODE = wholemodule;
				SWIFT_OPTIMIZATION_LEVEL = "-O";
				VALIDATE_PRODUCT = YES;
			};
			name = Release;
		};
		C1462CF52426883200B90834 /* Debug */ = {
			isa = XCBuildConfiguration;
			buildSettings = {
				ASSETCATALOG_COMPILER_APPICON_NAME = AppIcon;
				CODE_SIGN_STYLE = Automatic;
				DEVELOPMENT_TEAM = H52RBPYSWK;
				INFOPLIST_FILE = MemeMe_1.0/Info.plist;
				LD_RUNPATH_SEARCH_PATHS = (
					"$(inherited)",
					"@executable_path/Frameworks",
				);
				PRODUCT_BUNDLE_IDENTIFIER = "udacity.com.MemeMe-1-0";
				PRODUCT_NAME = "$(TARGET_NAME)";
				SWIFT_VERSION = 5.0;
				TARGETED_DEVICE_FAMILY = "1,2";
			};
			name = Debug;
		};
		C1462CF62426883200B90834 /* Release */ = {
			isa = XCBuildConfiguration;
			buildSettings = {
				ASSETCATALOG_COMPILER_APPICON_NAME = AppIcon;
				CODE_SIGN_STYLE = Automatic;
				DEVELOPMENT_TEAM = H52RBPYSWK;
				INFOPLIST_FILE = MemeMe_1.0/Info.plist;
				LD_RUNPATH_SEARCH_PATHS = (
					"$(inherited)",
					"@executable_path/Frameworks",
				);
				PRODUCT_BUNDLE_IDENTIFIER = "udacity.com.MemeMe-1-0";
				PRODUCT_NAME = "$(TARGET_NAME)";
				SWIFT_VERSION = 5.0;
				TARGETED_DEVICE_FAMILY = "1,2";
			};
			name = Release;
		};
/* End XCBuildConfiguration section */

/* Begin XCConfigurationList section */
		C1462CDB2426883100B90834 /* Build configuration list for PBXProject "MemeMe_1.0" */ = {
			isa = XCConfigurationList;
			buildConfigurations = (
				C1462CF22426883200B90834 /* Debug */,
				C1462CF32426883200B90834 /* Release */,
			);
			defaultConfigurationIsVisible = 0;
			defaultConfigurationName = Release;
		};
		C1462CF42426883200B90834 /* Build configuration list for PBXNativeTarget "MemeMe_1.0" */ = {
			isa = XCConfigurationList;
			buildConfigurations = (
				C1462CF52426883200B90834 /* Debug */,
				C1462CF62426883200B90834 /* Release */,
			);
			defaultConfigurationIsVisible = 0;
			defaultConfigurationName = Release;
		};
/* End XCConfigurationList section */
	};
	rootObject = C1462CD82426883100B90834 /* Project object */;
}
